
Microsoft Visual Studio Solution File, Format Version 12.00
# Visual Studio Version 16
VisualStudioVersion = 16.0.29318.209
MinimumVisualStudioVersion = 10.0.40219.1
Project("{F184B08F-C81C-45F6-A57F-5ABD9991F28F}") = "SEGUİN", "SEGUİN\SEGUİN.vbproj", "{A841FD29-58F5-4365-B917-51921097EB35}"
EndProject
Global
	GlobalSection(SolutionConfigurationPlatforms) = preSolution
		Debug|Any CPU = Debug|Any CPU
		Release|Any CPU = Release|Any CPU
	EndGlobalSection
	GlobalSection(ProjectConfigurationPlatforms) = postSolution
		{A841FD29-58F5-4365-B917-51921097EB35}.Debug|Any CPU.ActiveCfg = Debug|Any CPU
		{A841FD29-58F5-4365-B917-51921097EB35}.Debug|Any CPU.Build.0 = Debug|Any CPU
		{A841FD29-58F5-4365-B917-51921097EB35}.Release|Any CPU.ActiveCfg = Release|Any CPU
		{A841FD29-58F5-4365-B917-51921097EB35}.Release|Any CPU.Build.0 = Release|Any CPU
	EndGlobalSection
	GlobalSection(SolutionProperties) = preSolution
		HideSolutionNode = FALSE
	EndGlobalSection
	GlobalSection(ExtensibilityGlobals) = postSolution
		SolutionGuid = {B4060827-4C11-467A-82CE-018ED3C06819}
	EndGlobalSection
EndGlobal
